
Microsoft Visual Studio Solution File, Format Version 12.00
# Visual Studio Version 16
VisualStudioVersion = 16.0.30330.147
MinimumVisualStudioVersion = 10.0.40219.1
Project("{F184B08F-C81C-45F6-A57F-5ABD9991F28F}") = "PSPTejarat", "PSP\PSPTejarat.vbproj", "{46C1AA69-2E68-4B0A-AA59-B29783723301}"
	ProjectSection(ProjectDependencies) = postProject
		{AC82F41E-F33F-40D3-8979-F58E54A1EBDB} = {AC82F41E-F33F-40D3-8979-F58E54A1EBDB}
	EndProjectSection
EndProject
Project("{FAE04EC0-301F-11D3-BF4B-00C04F79EFBC}") = "CWin2Dos", "CWin2Dos\CWin2Dos.csproj", "{AC82F41E-F33F-40D3-8979-F58E54A1EBDB}"
EndProject
Project("{FAE04EC0-301F-11D3-BF4B-00C04F79EFBC}") = "Common", "Common\Common.csproj", "{3AB7DECD-C69E-4EF5-ABB9-40622796B15E}"
EndProject
Project("{FAE04EC0-301F-11D3-BF4B-00C04F79EFBC}") = "BL", "BL\BL.csproj", "{3B8AEDBF-5352-4D0C-9711-E63480AC7AA4}"
EndProject
Project("{FAE04EC0-301F-11D3-BF4B-00C04F79EFBC}") = "DAL", "DAL\DAL.csproj", "{5298D115-2624-475E-9DF5-0A4F48E09D25}"
EndProject
Project("{FAE04EC0-301F-11D3-BF4B-00C04F79EFBC}") = "PL-CSharp", "PL-CSharp\PL-CSharp.csproj", "{DDB18242-478F-4205-8922-DF0662FA7250}"
EndProject
Global
	GlobalSection(SolutionConfigurationPlatforms) = preSolution
		Debug|Any CPU = Debug|Any CPU
		Release|Any CPU = Release|Any CPU
	EndGlobalSection
	GlobalSection(ProjectConfigurationPlatforms) = postSolution
		{46C1AA69-2E68-4B0A-AA59-B29783723301}.Debug|Any CPU.ActiveCfg = Debug|Any CPU
		{46C1AA69-2E68-4B0A-AA59-B29783723301}.Debug|Any CPU.Build.0 = Debug|Any CPU
		{46C1AA69-2E68-4B0A-AA59-B29783723301}.Release|Any CPU.ActiveCfg = Release|Any CPU
		{46C1AA69-2E68-4B0A-AA59-B29783723301}.Release|Any CPU.Build.0 = Release|Any CPU
		{AC82F41E-F33F-40D3-8979-F58E54A1EBDB}.Debug|Any CPU.ActiveCfg = Debug|Any CPU
		{AC82F41E-F33F-40D3-8979-F58E54A1EBDB}.Debug|Any CPU.Build.0 = Debug|Any CPU
		{AC82F41E-F33F-40D3-8979-F58E54A1EBDB}.Release|Any CPU.ActiveCfg = Release|Any CPU
		{AC82F41E-F33F-40D3-8979-F58E54A1EBDB}.Release|Any CPU.Build.0 = Release|Any CPU
		{3AB7DECD-C69E-4EF5-ABB9-40622796B15E}.Debug|Any CPU.ActiveCfg = Debug|Any CPU
		{3AB7DECD-C69E-4EF5-ABB9-40622796B15E}.Debug|Any CPU.Build.0 = Debug|Any CPU
		{3AB7DECD-C69E-4EF5-ABB9-40622796B15E}.Release|Any CPU.ActiveCfg = Release|Any CPU
		{3AB7DECD-C69E-4EF5-ABB9-40622796B15E}.Release|Any CPU.Build.0 = Release|Any CPU
		{3B8AEDBF-5352-4D0C-9711-E63480AC7AA4}.Debug|Any CPU.ActiveCfg = Debug|Any CPU
		{3B8AEDBF-5352-4D0C-9711-E63480AC7AA4}.Debug|Any CPU.Build.0 = Debug|Any CPU
		{3B8AEDBF-5352-4D0C-9711-E63480AC7AA4}.Release|Any CPU.ActiveCfg = Release|Any CPU
		{3B8AEDBF-5352-4D0C-9711-E63480AC7AA4}.Release|Any CPU.Build.0 = Release|Any CPU
		{5298D115-2624-475E-9DF5-0A4F48E09D25}.Debug|Any CPU.ActiveCfg = Debug|Any CPU
		{5298D115-2624-475E-9DF5-0A4F48E09D25}.Debug|Any CPU.Build.0 = Debug|Any CPU
		{5298D115-2624-475E-9DF5-0A4F48E09D25}.Release|Any CPU.ActiveCfg = Release|Any CPU
		{5298D115-2624-475E-9DF5-0A4F48E09D25}.Release|Any CPU.Build.0 = Release|Any CPU
		{DDB18242-478F-4205-8922-DF0662FA7250}.Debug|Any CPU.ActiveCfg = Debug|Any CPU
		{DDB18242-478F-4205-8922-DF0662FA7250}.Debug|Any CPU.Build.0 = Debug|Any CPU
		{DDB18242-478F-4205-8922-DF0662FA7250}.Release|Any CPU.ActiveCfg = Release|Any CPU
		{DDB18242-478F-4205-8922-DF0662FA7250}.Release|Any CPU.Build.0 = Release|Any CPU
	EndGlobalSection
	GlobalSection(SolutionProperties) = preSolution
		HideSolutionNode = FALSE
	EndGlobalSection
	GlobalSection(ExtensibilityGlobals) = postSolution
		SolutionGuid = {3A36410C-7DE6-4F68-8958-01EF8B6E41ED}
	EndGlobalSection
EndGlobal
